{
  "version": 1,
  "dependencies": {
    ".NETnanoFramework,Version=v1.0": {
      "CCSWE.nanoFramework.Logging": {
        "type": "Direct",
        "requested": "[0.1.8, 0.1.8]",
        "resolved": "0.1.8",
        "contentHash": "Hx2G+ews8gQEPyV76jaD7Av6P3CW9x6BaVFzHT/9GVFL5o4wtlKfmPN4M0rFHPJsN001DFodtfhcc+KU7L1t8Q=="
      },
      "nanoFramework.CoreLibrary": {
        "type": "Direct",
        "requested": "[1.15.5, 1.15.5]",
        "resolved": "1.15.5",
        "contentHash": "u2+GvAp1uxLrGdILACAZy+EVKOs28EQ52j8Lz7599egXZ3GBGejjnR2ofhjMQwzrJLlgtyrsx8nSLngDfJNsAg=="
      },
      "nanoFramework.DependencyInjection": {
        "type": "Direct",
        "requested": "[1.1.3, 1.1.3]",
        "resolved": "1.1.3",
        "contentHash": "ZUViTakotURjfKS/AV+9HNa2RfjbcaM1Lc9C9U+SR+NXjFusPU0v9b7CmwalMaRGiYhlDsB+M6iSFKztPwcJOQ=="
      },
      "nanoFramework.Hosting": {
        "type": "Direct",
        "requested": "[1.0.40, 1.0.40]",
        "resolved": "1.0.40",
        "contentHash": "YDJMbycw2ZZxeRlaXhOmUxRCzrJlDv/tOlSIX2TcX06KS+ssP2E8D+rRK2jH/7wdtDYxfyrmLVKqPKk1sFYd0w=="
      },
      "nanoFramework.Logging": {
        "type": "Direct",
        "requested": "[1.1.98, 1.1.98]",
        "resolved": "1.1.98",
        "contentHash": "iwHPePe2iuDevlfI19vCMxpoH8T4OBBK4oPOCw4B9NisvTw/ID4XG28BTfBnmNlhMkbl80wG4kXjH+7nlfSpSw=="
      },
      "nanoFramework.TestFramework": {
        "type": "Direct",
        "requested": "[2.1.94, 2.1.94]",
        "resolved": "2.1.94",
        "contentHash": "jBbtJ7/7UUiqUbZ2ZshzHEarKZEHSGfnqli5QCMafRW9YxdsI5XYqTjRDgW3kyX2EX6zWk+cIgeLIPJiAzoWRA=="
      }
    }
  }
}